
Microsoft Visual Studio Solution File, Format Version 12.00
# Visual Studio 2015
Project("{FAE04EC0-301F-11D3-BF4B-00C04F79EFBC}") = "AINT-253-Bedroom.CSharp.Plugins", "AINT-253-Bedroom.CSharp.Plugins.csproj", "{FB1BB14B-5C04-B368-5A33-B5995BB7AD4D}"
EndProject
Project("{FAE04EC0-301F-11D3-BF4B-00C04F79EFBC}") = "AINT-253-Bedroom.CSharp.Editor.Plugins", "AINT-253-Bedroom.CSharp.Editor.Plugins.csproj", "{9701333A-62E7-9218-F1B7-66A17F674875}"
EndProject
Global
	GlobalSection(SolutionConfigurationPlatforms) = preSolution
		Debug|Any CPU = Debug|Any CPU
		Release|Any CPU = Release|Any CPU
	EndGlobalSection
	GlobalSection(ProjectConfigurationPlatforms) = postSolution
		{FB1BB14B-5C04-B368-5A33-B5995BB7AD4D}.Debug|Any CPU.ActiveCfg = Debug|Any CPU
		{FB1BB14B-5C04-B368-5A33-B5995BB7AD4D}.Debug|Any CPU.Build.0 = Debug|Any CPU
		{FB1BB14B-5C04-B368-5A33-B5995BB7AD4D}.Release|Any CPU.ActiveCfg = Release|Any CPU
		{FB1BB14B-5C04-B368-5A33-B5995BB7AD4D}.Release|Any CPU.Build.0 = Release|Any CPU
		{9701333A-62E7-9218-F1B7-66A17F674875}.Debug|Any CPU.ActiveCfg = Debug|Any CPU
		{9701333A-62E7-9218-F1B7-66A17F674875}.Debug|Any CPU.Build.0 = Debug|Any CPU
		{9701333A-62E7-9218-F1B7-66A17F674875}.Release|Any CPU.ActiveCfg = Release|Any CPU
		{9701333A-62E7-9218-F1B7-66A17F674875}.Release|Any CPU.Build.0 = Release|Any CPU
	EndGlobalSection
	GlobalSection(SolutionProperties) = preSolution
		HideSolutionNode = FALSE
	EndGlobalSection
EndGlobal
