
Microsoft Visual Studio Solution File, Format Version 12.00
# Visual Studio 2017
Project("{FAE04EC0-301F-11D3-BF4B-00C04F79EFBC}") = "AINT-253-Bedroom.Plugins", "AINT-253-Bedroom.Plugins.csproj", "{4EFFB83D-97F3-74E9-F698-C8519AE26699}"
EndProject
Project("{FAE04EC0-301F-11D3-BF4B-00C04F79EFBC}") = "AINT-253-Bedroom.Editor.Plugins", "AINT-253-Bedroom.Editor.Plugins.csproj", "{B1C4ABC4-4096-D913-C284-5F9D18078596}"
EndProject
Global
	GlobalSection(SolutionConfigurationPlatforms) = preSolution
		Debug|Any CPU = Debug|Any CPU
		Release|Any CPU = Release|Any CPU
	EndGlobalSection
	GlobalSection(ProjectConfigurationPlatforms) = postSolution
		{4EFFB83D-97F3-74E9-F698-C8519AE26699}.Debug|Any CPU.ActiveCfg = Debug|Any CPU
		{4EFFB83D-97F3-74E9-F698-C8519AE26699}.Debug|Any CPU.Build.0 = Debug|Any CPU
		{4EFFB83D-97F3-74E9-F698-C8519AE26699}.Release|Any CPU.ActiveCfg = Release|Any CPU
		{4EFFB83D-97F3-74E9-F698-C8519AE26699}.Release|Any CPU.Build.0 = Release|Any CPU
		{B1C4ABC4-4096-D913-C284-5F9D18078596}.Debug|Any CPU.ActiveCfg = Debug|Any CPU
		{B1C4ABC4-4096-D913-C284-5F9D18078596}.Debug|Any CPU.Build.0 = Debug|Any CPU
		{B1C4ABC4-4096-D913-C284-5F9D18078596}.Release|Any CPU.ActiveCfg = Release|Any CPU
		{B1C4ABC4-4096-D913-C284-5F9D18078596}.Release|Any CPU.Build.0 = Release|Any CPU
	EndGlobalSection
	GlobalSection(SolutionProperties) = preSolution
		HideSolutionNode = FALSE
	EndGlobalSection
EndGlobal
